
Microsoft Visual Studio Solution File, Format Version 12.00
# Visual Studio Version 16
VisualStudioVersion = 16.0.29021.104
MinimumVisualStudioVersion = 10.0.40219.1
Project("{9A19103F-16F7-4668-BE54-9A1E7A4F7556}") = "Employees", "Employees.csproj", "{3F878FCA-ED2C-4DF1-8142-58D5B6DFA579}"
EndProject
Project("{9A19103F-16F7-4668-BE54-9A1E7A4F7556}") = "Celin.AIS", "..\Celin.AIS\Celin.AIS.csproj", "{C9854A17-339F-42CE-957E-8374A586BC6E}"
EndProject
Global
	GlobalSection(SolutionConfigurationPlatforms) = preSolution
		Debug|Any CPU = Debug|Any CPU
		Release|Any CPU = Release|Any CPU
	EndGlobalSection
	GlobalSection(ProjectConfigurationPlatforms) = postSolution
		{3F878FCA-ED2C-4DF1-8142-58D5B6DFA579}.Debug|Any CPU.ActiveCfg = Debug|Any CPU
		{3F878FCA-ED2C-4DF1-8142-58D5B6DFA579}.Debug|Any CPU.Build.0 = Debug|Any CPU
		{3F878FCA-ED2C-4DF1-8142-58D5B6DFA579}.Release|Any CPU.ActiveCfg = Release|Any CPU
		{3F878FCA-ED2C-4DF1-8142-58D5B6DFA579}.Release|Any CPU.Build.0 = Release|Any CPU
		{C9854A17-339F-42CE-957E-8374A586BC6E}.Debug|Any CPU.ActiveCfg = Debug|Any CPU
		{C9854A17-339F-42CE-957E-8374A586BC6E}.Debug|Any CPU.Build.0 = Debug|Any CPU
		{C9854A17-339F-42CE-957E-8374A586BC6E}.Release|Any CPU.ActiveCfg = Release|Any CPU
		{C9854A17-339F-42CE-957E-8374A586BC6E}.Release|Any CPU.Build.0 = Release|Any CPU
	EndGlobalSection
	GlobalSection(SolutionProperties) = preSolution
		HideSolutionNode = FALSE
	EndGlobalSection
	GlobalSection(ExtensibilityGlobals) = postSolution
		SolutionGuid = {968041B4-D82A-453F-A28A-D1C8D88C5B03}
	EndGlobalSection
EndGlobal
